// !$*UTF8*$!
{
	archiveVersion = 1;
	classes = {
	};
	objectVersion = 77;
	objects = {

/* Begin PBXBuildFile section */
		06B8BB402CDD05710003ED57 /* GoogleService-Info.plist in Resources */ = {isa = PBXBuildFile; fileRef = 06B8BB3F2CDD05710003ED57 /* GoogleService-Info.plist */; };
		41864BEFB6EEEC09C757F82A /* Pods_ChatWithAI.framework in Frameworks */ = {isa = PBXBuildFile; fileRef = BDDA35993BFB2B491EA8C9F9 /* Pods_ChatWithAI.framework */; };
		C48DB4D7E35AF1B1A09338E3 /* Pods_ChatWithAITests.framework in Frameworks */ = {isa = PBXBuildFile; fileRef = 536B5618EED7824FEA061D30 /* Pods_ChatWithAITests.framework */; };
		E3B9DB5884DF9EF7335E6203 /* Pods_ChatWithAI_ChatWithAIUITests.framework in Frameworks */ = {isa = PBXBuildFile; fileRef = 7CC6F009A218CF66A7ECE84C /* Pods_ChatWithAI_ChatWithAIUITests.framework */; };
/* End PBXBuildFile section */

/* Begin PBXContainerItemProxy section */
		06B8BB162CDCFDFE0003ED57 /* PBXContainerItemProxy */ = {
			isa = PBXContainerItemProxy;
			containerPortal = 06B8BAFD2CDCFDFC0003ED57 /* Project object */;
			proxyType = 1;
			remoteGlobalIDString = 06B8BB042CDCFDFC0003ED57;
			remoteInfo = ChatWithAI;
		};
		06B8BB202CDCFDFE0003ED57 /* PBXContainerItemProxy */ = {
			isa = PBXContainerItemProxy;
			containerPortal = 06B8BAFD2CDCFDFC0003ED57 /* Project object */;
			proxyType = 1;
			remoteGlobalIDString = 06B8BB042CDCFDFC0003ED57;
			remoteInfo = ChatWithAI;
		};
/* End PBXContainerItemProxy section */

/* Begin PBXFileReference section */
		06B8BB052CDCFDFC0003ED57 /* ChatWithAI.app */ = {isa = PBXFileReference; explicitFileType = wrapper.application; includeInIndex = 0; path = ChatWithAI.app; sourceTree = BUILT_PRODUCTS_DIR; };
		06B8BB152CDCFDFE0003ED57 /* ChatWithAITests.xctest */ = {isa = PBXFileReference; explicitFileType = wrapper.cfbundle; includeInIndex = 0; path = ChatWithAITests.xctest; sourceTree = BUILT_PRODUCTS_DIR; };
		06B8BB1F2CDCFDFE0003ED57 /* ChatWithAIUITests.xctest */ = {isa = PBXFileReference; explicitFileType = wrapper.cfbundle; includeInIndex = 0; path = ChatWithAIUITests.xctest; sourceTree = BUILT_PRODUCTS_DIR; };
		06B8BB3F2CDD05710003ED57 /* GoogleService-Info.plist */ = {isa = PBXFileReference; lastKnownFileType = text.plist.xml; path = "GoogleService-Info.plist"; sourceTree = "<group>"; };
		08D1B13EE0362F7BE978AD34 /* Pods-ChatWithAI-ChatWithAIUITests.release.xcconfig */ = {isa = PBXFileReference; includeInIndex = 1; lastKnownFileType = text.xcconfig; name = "Pods-ChatWithAI-ChatWithAIUITests.release.xcconfig"; path = "Target Support Files/Pods-ChatWithAI-ChatWithAIUITests/Pods-ChatWithAI-ChatWithAIUITests.release.xcconfig"; sourceTree = "<group>"; };
		536B5618EED7824FEA061D30 /* Pods_ChatWithAITests.framework */ = {isa = PBXFileReference; explicitFileType = wrapper.framework; includeInIndex = 0; path = Pods_ChatWithAITests.framework; sourceTree = BUILT_PRODUCTS_DIR; };
		59DA92D7B261990929FB45BA /* Pods-ChatWithAI.release.xcconfig */ = {isa = PBXFileReference; includeInIndex = 1; lastKnownFileType = text.xcconfig; name = "Pods-ChatWithAI.release.xcconfig"; path = "Target Support Files/Pods-ChatWithAI/Pods-ChatWithAI.release.xcconfig"; sourceTree = "<group>"; };
		5D1460AE60F6927E932D5FB3 /* Pods-ChatWithAI.debug.xcconfig */ = {isa = PBXFileReference; includeInIndex = 1; lastKnownFileType = text.xcconfig; name = "Pods-ChatWithAI.debug.xcconfig"; path = "Target Support Files/Pods-ChatWithAI/Pods-ChatWithAI.debug.xcconfig"; sourceTree = "<group>"; };
		7CC6F009A218CF66A7ECE84C /* Pods_ChatWithAI_ChatWithAIUITests.framework */ = {isa = PBXFileReference; explicitFileType = wrapper.framework; includeInIndex = 0; path = Pods_ChatWithAI_ChatWithAIUITests.framework; sourceTree = BUILT_PRODUCTS_DIR; };
		BDDA35993BFB2B491EA8C9F9 /* Pods_ChatWithAI.framework */ = {isa = PBXFileReference; explicitFileType = wrapper.framework; includeInIndex = 0; path = Pods_ChatWithAI.framework; sourceTree = BUILT_PRODUCTS_DIR; };
		CB4AFF3EF05AAAA0FE6C7860 /* Pods-ChatWithAI-ChatWithAIUITests.debug.xcconfig */ = {isa = PBXFileReference; includeInIndex = 1; lastKnownFileType = text.xcconfig; name = "Pods-ChatWithAI-ChatWithAIUITests.debug.xcconfig"; path = "Target Support Files/Pods-ChatWithAI-ChatWithAIUITests/Pods-ChatWithAI-ChatWithAIUITests.debug.xcconfig"; sourceTree = "<group>"; };
		D8CD7146A26355EF5930F77B /* Pods-ChatWithAITests.debug.xcconfig */ = {isa = PBXFileReference; includeInIndex = 1; lastKnownFileType = text.xcconfig; name = "Pods-ChatWithAITests.debug.xcconfig"; path = "Target Support Files/Pods-ChatWithAITests/Pods-ChatWithAITests.debug.xcconfig"; sourceTree = "<group>"; };
		E91EDC5A8221666EB2E3BADB /* Pods-ChatWithAITests.release.xcconfig */ = {isa = PBXFileReference; includeInIndex = 1; lastKnownFileType = text.xcconfig; name = "Pods-ChatWithAITests.release.xcconfig"; path = "Target Support Files/Pods-ChatWithAITests/Pods-ChatWithAITests.release.xcconfig"; sourceTree = "<group>"; };
/* End PBXFileReference section */

/* Begin PBXFileSystemSynchronizedRootGroup section */
		06B8BB072CDCFDFC0003ED57 /* ChatWithAI */ = {
			isa = PBXFileSystemSynchronizedRootGroup;
			path = ChatWithAI;
			sourceTree = "<group>";
		};
		06B8BB182CDCFDFE0003ED57 /* ChatWithAITests */ = {
			isa = PBXFileSystemSynchronizedRootGroup;
			path = ChatWithAITests;
			sourceTree = "<group>";
		};
		06B8BB222CDCFDFE0003ED57 /* ChatWithAIUITests */ = {
			isa = PBXFileSystemSynchronizedRootGroup;
			path = ChatWithAIUITests;
			sourceTree = "<group>";
		};
/* End PBXFileSystemSynchronizedRootGroup section */

/* Begin PBXFrameworksBuildPhase section */
		06B8BB022CDCFDFC0003ED57 /* Frameworks */ = {
			isa = PBXFrameworksBuildPhase;
			buildActionMask = 2147483647;
			files = (
				41864BEFB6EEEC09C757F82A /* Pods_ChatWithAI.framework in Frameworks */,
			);
			runOnlyForDeploymentPostprocessing = 0;
		};
		06B8BB122CDCFDFE0003ED57 /* Frameworks */ = {
			isa = PBXFrameworksBuildPhase;
			buildActionMask = 2147483647;
			files = (
				C48DB4D7E35AF1B1A09338E3 /* Pods_ChatWithAITests.framework in Frameworks */,
			);
			runOnlyForDeploymentPostprocessing = 0;
		};
		06B8BB1C2CDCFDFE0003ED57 /* Frameworks */ = {
			isa = PBXFrameworksBuildPhase;
			buildActionMask = 2147483647;
			files = (
				E3B9DB5884DF9EF7335E6203 /* Pods_ChatWithAI_ChatWithAIUITests.framework in Frameworks */,
			);
			runOnlyForDeploymentPostprocessing = 0;
		};
/* End PBXFrameworksBuildPhase section */

/* Begin PBXGroup section */
		06B8BAFC2CDCFDFC0003ED57 = {
			isa = PBXGroup;
			children = (
				06B8BB072CDCFDFC0003ED57 /* ChatWithAI */,
				06B8BB182CDCFDFE0003ED57 /* ChatWithAITests */,
				06B8BB222CDCFDFE0003ED57 /* ChatWithAIUITests */,
				06B8BB062CDCFDFC0003ED57 /* Products */,
				06B8BB3F2CDD05710003ED57 /* GoogleService-Info.plist */,
				2514A7E11514E4EFD95FD3DE /* Pods */,
				1C445A6846BD5E3D1C0F4CA5 /* Frameworks */,
			);
			sourceTree = "<group>";
		};
		06B8BB062CDCFDFC0003ED57 /* Products */ = {
			isa = PBXGroup;
			children = (
				06B8BB052CDCFDFC0003ED57 /* ChatWithAI.app */,
				06B8BB152CDCFDFE0003ED57 /* ChatWithAITests.xctest */,
				06B8BB1F2CDCFDFE0003ED57 /* ChatWithAIUITests.xctest */,
			);
			name = Products;
			sourceTree = "<group>";
		};
		1C445A6846BD5E3D1C0F4CA5 /* Frameworks */ = {
			isa = PBXGroup;
			children = (
				BDDA35993BFB2B491EA8C9F9 /* Pods_ChatWithAI.framework */,
				7CC6F009A218CF66A7ECE84C /* Pods_ChatWithAI_ChatWithAIUITests.framework */,
				536B5618EED7824FEA061D30 /* Pods_ChatWithAITests.framework */,
			);
			name = Frameworks;
			sourceTree = "<group>";
		};
		2514A7E11514E4EFD95FD3DE /* Pods */ = {
			isa = PBXGroup;
			children = (
				5D1460AE60F6927E932D5FB3 /* Pods-ChatWithAI.debug.xcconfig */,
				59DA92D7B261990929FB45BA /* Pods-ChatWithAI.release.xcconfig */,
				CB4AFF3EF05AAAA0FE6C7860 /* Pods-ChatWithAI-ChatWithAIUITests.debug.xcconfig */,
				08D1B13EE0362F7BE978AD34 /* Pods-ChatWithAI-ChatWithAIUITests.release.xcconfig */,
				D8CD7146A26355EF5930F77B /* Pods-ChatWithAITests.debug.xcconfig */,
				E91EDC5A8221666EB2E3BADB /* Pods-ChatWithAITests.release.xcconfig */,
			);
			path = Pods;
			sourceTree = "<group>";
		};
/* End PBXGroup section */

/* Begin PBXNativeTarget section */
		06B8BB042CDCFDFC0003ED57 /* ChatWithAI */ = {
			isa = PBXNativeTarget;
			buildConfigurationList = 06B8BB292CDCFDFE0003ED57 /* Build configuration list for PBXNativeTarget "ChatWithAI" */;
			buildPhases = (
				E4287666C2AAAFA8DD61B474 /* [CP] Check Pods Manifest.lock */,
				06B8BB012CDCFDFC0003ED57 /* Sources */,
				06B8BB022CDCFDFC0003ED57 /* Frameworks */,
				06B8BB032CDCFDFC0003ED57 /* Resources */,
				DDA0BA5BCA2CBCA8B200D5C8 /* [CP] Embed Pods Frameworks */,
			);
			buildRules = (
			);
			dependencies = (
			);
			fileSystemSynchronizedGroups = (
				06B8BB072CDCFDFC0003ED57 /* ChatWithAI */,
			);
			name = ChatWithAI;
			productName = ChatWithAI;
			productReference = 06B8BB052CDCFDFC0003ED57 /* ChatWithAI.app */;
			productType = "com.apple.product-type.application";
		};
		06B8BB142CDCFDFE0003ED57 /* ChatWithAITests */ = {
			isa = PBXNativeTarget;
			buildConfigurationList = 06B8BB2C2CDCFDFE0003ED57 /* Build configuration list for PBXNativeTarget "ChatWithAITests" */;
			buildPhases = (
				CB2B052132B61B8F39C8C446 /* [CP] Check Pods Manifest.lock */,
				06B8BB112CDCFDFE0003ED57 /* Sources */,
				06B8BB122CDCFDFE0003ED57 /* Frameworks */,
				06B8BB132CDCFDFE0003ED57 /* Resources */,
			);
			buildRules = (
			);
			dependencies = (
				06B8BB172CDCFDFE0003ED57 /* PBXTargetDependency */,
			);
			fileSystemSynchronizedGroups = (
				06B8BB182CDCFDFE0003ED57 /* ChatWithAITests */,
			);
			name = ChatWithAITests;
			productName = ChatWithAITests;
			productReference = 06B8BB152CDCFDFE0003ED57 /* ChatWithAITests.xctest */;
			productType = "com.apple.product-type.bundle.unit-test";
		};
		06B8BB1E2CDCFDFE0003ED57 /* ChatWithAIUITests */ = {
			isa = PBXNativeTarget;
			buildConfigurationList = 06B8BB2F2CDCFDFE0003ED57 /* Build configuration list for PBXNativeTarget "ChatWithAIUITests" */;
			buildPhases = (
				81B74A8F861077998108D5C6 /* [CP] Check Pods Manifest.lock */,
				06B8BB1B2CDCFDFE0003ED57 /* Sources */,
				06B8BB1C2CDCFDFE0003ED57 /* Frameworks */,
				06B8BB1D2CDCFDFE0003ED57 /* Resources */,
				9980F56D044BB1A341A3D259 /* [CP] Embed Pods Frameworks */,
			);
			buildRules = (
			);
			dependencies = (
				06B8BB212CDCFDFE0003ED57 /* PBXTargetDependency */,
			);
			fileSystemSynchronizedGroups = (
				06B8BB222CDCFDFE0003ED57 /* ChatWithAIUITests */,
			);
			name = ChatWithAIUITests;
			productName = ChatWithAIUITests;
			productReference = 06B8BB1F2CDCFDFE0003ED57 /* ChatWithAIUITests.xctest */;
			productType = "com.apple.product-type.bundle.ui-testing";
		};
/* End PBXNativeTarget section */

/* Begin PBXProject section */
		06B8BAFD2CDCFDFC0003ED57 /* Project object */ = {
			isa = PBXProject;
			attributes = {
				BuildIndependentTargetsInParallel = 1;
				LastSwiftUpdateCheck = 1600;
				LastUpgradeCheck = 1600;
				TargetAttributes = {
					06B8BB042CDCFDFC0003ED57 = {
						CreatedOnToolsVersion = 16.0;
					};
					06B8BB142CDCFDFE0003ED57 = {
						CreatedOnToolsVersion = 16.0;
						TestTargetID = 06B8BB042CDCFDFC0003ED57;
					};
					06B8BB1E2CDCFDFE0003ED57 = {
						CreatedOnToolsVersion = 16.0;
						TestTargetID = 06B8BB042CDCFDFC0003ED57;
					};
				};
			};
			buildConfigurationList = 06B8BB002CDCFDFC0003ED57 /* Build configuration list for PBXProject "ChatWithAI" */;
			developmentRegion = en;
			hasScannedForEncodings = 0;
			knownRegions = (
				en,
				Base,
			);
			mainGroup = 06B8BAFC2CDCFDFC0003ED57;
			minimizedProjectReferenceProxies = 1;
			packageReferences = (
				06B8BB322CDCFF420003ED57 /* XCRemoteSwiftPackageReference "firebase-ios-sdk" */,
			);
			preferredProjectObjectVersion = 77;
			productRefGroup = 06B8BB062CDCFDFC0003ED57 /* Products */;
			projectDirPath = "";
			projectRoot = "";
			targets = (
				06B8BB042CDCFDFC0003ED57 /* ChatWithAI */,
				06B8BB142CDCFDFE0003ED57 /* ChatWithAITests */,
				06B8BB1E2CDCFDFE0003ED57 /* ChatWithAIUITests */,
			);
		};
/* End PBXProject section */

/* Begin PBXResourcesBuildPhase section */
		06B8BB032CDCFDFC0003ED57 /* Resources */ = {
			isa = PBXResourcesBuildPhase;
			buildActionMask = 2147483647;
			files = (
				06B8BB402CDD05710003ED57 /* GoogleService-Info.plist in Resources */,
			);
			runOnlyForDeploymentPostprocessing = 0;
		};
		06B8BB132CDCFDFE0003ED57 /* Resources */ = {
			isa = PBXResourcesBuildPhase;
			buildActionMask = 2147483647;
			files = (
			);
			runOnlyForDeploymentPostprocessing = 0;
		};
		06B8BB1D2CDCFDFE0003ED57 /* Resources */ = {
			isa = PBXResourcesBuildPhase;
			buildActionMask = 2147483647;
			files = (
			);
			runOnlyForDeploymentPostprocessing = 0;
		};
/* End PBXResourcesBuildPhase section */

/* Begin PBXShellScriptBuildPhase section */
		81B74A8F861077998108D5C6 /* [CP] Check Pods Manifest.lock */ = {
			isa = PBXShellScriptBuildPhase;
			buildActionMask = 2147483647;
			files = (
			);
			inputFileListPaths = (
			);
			inputPaths = (
				"${PODS_PODFILE_DIR_PATH}/Podfile.lock",
				"${PODS_ROOT}/Manifest.lock",
			);
			name = "[CP] Check Pods Manifest.lock";
			outputFileListPaths = (
			);
			outputPaths = (
				"$(DERIVED_FILE_DIR)/Pods-ChatWithAI-ChatWithAIUITests-checkManifestLockResult.txt",
			);
			runOnlyForDeploymentPostprocessing = 0;
			shellPath = /bin/sh;
			shellScript = "diff \"${PODS_PODFILE_DIR_PATH}/Podfile.lock\" \"${PODS_ROOT}/Manifest.lock\" > /dev/null\nif [ $? != 0 ] ; then\n    # print error to STDERR\n    echo \"error: The sandbox is not in sync with the Podfile.lock. Run 'pod install' or update your CocoaPods installation.\" >&2\n    exit 1\nfi\n# This output is used by Xcode 'outputs' to avoid re-running this script phase.\necho \"SUCCESS\" > \"${SCRIPT_OUTPUT_FILE_0}\"\n";
			showEnvVarsInLog = 0;
		};
		9980F56D044BB1A341A3D259 /* [CP] Embed Pods Frameworks */ = {
			isa = PBXShellScriptBuildPhase;
			buildActionMask = 2147483647;
			files = (
			);
			inputFileListPaths = (
				"${PODS_ROOT}/Target Support Files/Pods-ChatWithAI-ChatWithAIUITests/Pods-ChatWithAI-ChatWithAIUITests-frameworks-${CONFIGURATION}-input-files.xcfilelist",
			);
			name = "[CP] Embed Pods Frameworks";
			outputFileListPaths = (
				"${PODS_ROOT}/Target Support Files/Pods-ChatWithAI-ChatWithAIUITests/Pods-ChatWithAI-ChatWithAIUITests-frameworks-${CONFIGURATION}-output-files.xcfilelist",
			);
			runOnlyForDeploymentPostprocessing = 0;
			shellPath = /bin/sh;
			shellScript = "\"${PODS_ROOT}/Target Support Files/Pods-ChatWithAI-ChatWithAIUITests/Pods-ChatWithAI-ChatWithAIUITests-frameworks.sh\"\n";
			showEnvVarsInLog = 0;
		};
		CB2B052132B61B8F39C8C446 /* [CP] Check Pods Manifest.lock */ = {
			isa = PBXShellScriptBuildPhase;
			buildActionMask = 2147483647;
			files = (
			);
			inputFileListPaths = (
			);
			inputPaths = (
				"${PODS_PODFILE_DIR_PATH}/Podfile.lock",
				"${PODS_ROOT}/Manifest.lock",
			);
			name = "[CP] Check Pods Manifest.lock";
			outputFileListPaths = (
			);
			outputPaths = (
				"$(DERIVED_FILE_DIR)/Pods-ChatWithAITests-checkManifestLockResult.txt",
			);
			runOnlyForDeploymentPostprocessing = 0;
			shellPath = /bin/sh;
			shellScript = "diff \"${PODS_PODFILE_DIR_PATH}/Podfile.lock\" \"${PODS_ROOT}/Manifest.lock\" > /dev/null\nif [ $? != 0 ] ; then\n    # print error to STDERR\n    echo \"error: The sandbox is not in sync with the Podfile.lock. Run 'pod install' or update your CocoaPods installation.\" >&2\n    exit 1\nfi\n# This output is used by Xcode 'outputs' to avoid re-running this script phase.\necho \"SUCCESS\" > \"${SCRIPT_OUTPUT_FILE_0}\"\n";
			showEnvVarsInLog = 0;
		};
		DDA0BA5BCA2CBCA8B200D5C8 /* [CP] Embed Pods Frameworks */ = {
			isa = PBXShellScriptBuildPhase;
			buildActionMask = 2147483647;
			files = (
			);
			inputFileListPaths = (
				"${PODS_ROOT}/Target Support Files/Pods-ChatWithAI/Pods-ChatWithAI-frameworks-${CONFIGURATION}-input-files.xcfilelist",
			);
			name = "[CP] Embed Pods Frameworks";
			outputFileListPaths = (
				"${PODS_ROOT}/Target Support Files/Pods-ChatWithAI/Pods-ChatWithAI-frameworks-${CONFIGURATION}-output-files.xcfilelist",
			);
			runOnlyForDeploymentPostprocessing = 0;
			shellPath = /bin/sh;
			shellScript = "\"${PODS_ROOT}/Target Support Files/Pods-ChatWithAI/Pods-ChatWithAI-frameworks.sh\"\n";
			showEnvVarsInLog = 0;
		};
		E4287666C2AAAFA8DD61B474 /* [CP] Check Pods Manifest.lock */ = {
			isa = PBXShellScriptBuildPhase;
			buildActionMask = 2147483647;
			files = (
			);
			inputFileListPaths = (
			);
			inputPaths = (
				"${PODS_PODFILE_DIR_PATH}/Podfile.lock",
				"${PODS_ROOT}/Manifest.lock",
			);
			name = "[CP] Check Pods Manifest.lock";
			outputFileListPaths = (
			);
			outputPaths = (
				"$(DERIVED_FILE_DIR)/Pods-ChatWithAI-checkManifestLockResult.txt",
			);
			runOnlyForDeploymentPostprocessing = 0;
			shellPath = /bin/sh;
			shellScript = "diff \"${PODS_PODFILE_DIR_PATH}/Podfile.lock\" \"${PODS_ROOT}/Manifest.lock\" > /dev/null\nif [ $? != 0 ] ; then\n    # print error to STDERR\n    echo \"error: The sandbox is not in sync with the Podfile.lock. Run 'pod install' or update your CocoaPods installation.\" >&2\n    exit 1\nfi\n# This output is used by Xcode 'outputs' to avoid re-running this script phase.\necho \"SUCCESS\" > \"${SCRIPT_OUTPUT_FILE_0}\"\n";
			showEnvVarsInLog = 0;
		};
/* End PBXShellScriptBuildPhase section */

/* Begin PBXSourcesBuildPhase section */
		06B8BB012CDCFDFC0003ED57 /* Sources */ = {
			isa = PBXSourcesBuildPhase;
			buildActionMask = 2147483647;
			files = (
			);
			runOnlyForDeploymentPostprocessing = 0;
		};
		06B8BB112CDCFDFE0003ED57 /* Sources */ = {
			isa = PBXSourcesBuildPhase;
			buildActionMask = 2147483647;
			files = (
			);
			runOnlyForDeploymentPostprocessing = 0;
		};
		06B8BB1B2CDCFDFE0003ED57 /* Sources */ = {
			isa = PBXSourcesBuildPhase;
			buildActionMask = 2147483647;
			files = (
			);
			runOnlyForDeploymentPostprocessing = 0;
		};
/* End PBXSourcesBuildPhase section */

/* Begin PBXTargetDependency section */
		06B8BB172CDCFDFE0003ED57 /* PBXTargetDependency */ = {
			isa = PBXTargetDependency;
			target = 06B8BB042CDCFDFC0003ED57 /* ChatWithAI */;
			targetProxy = 06B8BB162CDCFDFE0003ED57 /* PBXContainerItemProxy */;
		};
		06B8BB212CDCFDFE0003ED57 /* PBXTargetDependency */ = {
			isa = PBXTargetDependency;
			target = 06B8BB042CDCFDFC0003ED57 /* ChatWithAI */;
			targetProxy = 06B8BB202CDCFDFE0003ED57 /* PBXContainerItemProxy */;
		};
/* End PBXTargetDependency section */

/* Begin XCBuildConfiguration section */
		06B8BB272CDCFDFE0003ED57 /* Debug */ = {
			isa = XCBuildConfiguration;
			buildSettings = {
				ALWAYS_SEARCH_USER_PATHS = NO;
				ASSETCATALOG_COMPILER_GENERATE_SWIFT_ASSET_SYMBOL_EXTENSIONS = YES;
				CLANG_ANALYZER_NONNULL = YES;
				CLANG_ANALYZER_NUMBER_OBJECT_CONVERSION = YES_AGGRESSIVE;
				CLANG_CXX_LANGUAGE_STANDARD = "gnu++20";
				CLANG_ENABLE_MODULES = YES;
				CLANG_ENABLE_OBJC_ARC = YES;
				CLANG_ENABLE_OBJC_WEAK = YES;
				CLANG_WARN_BLOCK_CAPTURE_AUTORELEASING = YES;
				CLANG_WARN_BOOL_CONVERSION = YES;
				CLANG_WARN_COMMA = YES;
				CLANG_WARN_CONSTANT_CONVERSION = YES;
				CLANG_WARN_DEPRECATED_OBJC_IMPLEMENTATIONS = YES;
				CLANG_WARN_DIRECT_OBJC_ISA_USAGE = YES_ERROR;
				CLANG_WARN_DOCUMENTATION_COMMENTS = YES;
				CLANG_WARN_EMPTY_BODY = YES;
				CLANG_WARN_ENUM_CONVERSION = YES;
				CLANG_WARN_INFINITE_RECURSION = YES;
				CLANG_WARN_INT_CONVERSION = YES;
				CLANG_WARN_NON_LITERAL_NULL_CONVERSION = YES;
				CLANG_WARN_OBJC_IMPLICIT_RETAIN_SELF = YES;
				CLANG_WARN_OBJC_LITERAL_CONVERSION = YES;
				CLANG_WARN_OBJC_ROOT_CLASS = YES_ERROR;
				CLANG_WARN_QUOTED_INCLUDE_IN_FRAMEWORK_HEADER = YES;
				CLANG_WARN_RANGE_LOOP_ANALYSIS = YES;
				CLANG_WARN_STRICT_PROTOTYPES = YES;
				CLANG_WARN_SUSPICIOUS_MOVE = YES;
				CLANG_WARN_UNGUARDED_AVAILABILITY = YES_AGGRESSIVE;
				CLANG_WARN_UNREACHABLE_CODE = YES;
				CLANG_WARN__DUPLICATE_METHOD_MATCH = YES;
				COPY_PHASE_STRIP = NO;
				DEBUG_INFORMATION_FORMAT = dwarf;
				ENABLE_STRICT_OBJC_MSGSEND = YES;
				ENABLE_TESTABILITY = YES;
				ENABLE_USER_SCRIPT_SANDBOXING = YES;
				GCC_C_LANGUAGE_STANDARD = gnu17;
				GCC_DYNAMIC_NO_PIC = NO;
				GCC_NO_COMMON_BLOCKS = YES;
				GCC_OPTIMIZATION_LEVEL = 0;
				GCC_PREPROCESSOR_DEFINITIONS = (
					"DEBUG=1",
					"$(inherited)",
				);
				GCC_WARN_64_TO_32_BIT_CONVERSION = YES;
				GCC_WARN_ABOUT_RETURN_TYPE = YES_ERROR;
				GCC_WARN_UNDECLARED_SELECTOR = YES;
				GCC_WARN_UNINITIALIZED_AUTOS = YES_AGGRESSIVE;
				GCC_WARN_UNUSED_FUNCTION = YES;
				GCC_WARN_UNUSED_VARIABLE = YES;
				IPHONEOS_DEPLOYMENT_TARGET = 18.0;
				LOCALIZATION_PREFERS_STRING_CATALOGS = YES;
				MTL_ENABLE_DEBUG_INFO = INCLUDE_SOURCE;
				MTL_FAST_MATH = YES;
				ONLY_ACTIVE_ARCH = YES;
				SDKROOT = iphoneos;
				SWIFT_ACTIVE_COMPILATION_CONDITIONS = "DEBUG $(inherited)";
				SWIFT_OPTIMIZATION_LEVEL = "-Onone";
			};
			name = Debug;
		};
		06B8BB282CDCFDFE0003ED57 /* Release */ = {
			isa = XCBuildConfiguration;
			buildSettings = {
				ALWAYS_SEARCH_USER_PATHS = NO;
				ASSETCATALOG_COMPILER_GENERATE_SWIFT_ASSET_SYMBOL_EXTENSIONS = YES;
				CLANG_ANALYZER_NONNULL = YES;
				CLANG_ANALYZER_NUMBER_OBJECT_CONVERSION = YES_AGGRESSIVE;
				CLANG_CXX_LANGUAGE_STANDARD = "gnu++20";
				CLANG_ENABLE_MODULES = YES;
				CLANG_ENABLE_OBJC_ARC = YES;
				CLANG_ENABLE_OBJC_WEAK = YES;
				CLANG_WARN_BLOCK_CAPTURE_AUTORELEASING = YES;
				CLANG_WARN_BOOL_CONVERSION = YES;
				CLANG_WARN_COMMA = YES;
				CLANG_WARN_CONSTANT_CONVERSION = YES;
				CLANG_WARN_DEPRECATED_OBJC_IMPLEMENTATIONS = YES;
				CLANG_WARN_DIRECT_OBJC_ISA_USAGE = YES_ERROR;
				CLANG_WARN_DOCUMENTATION_COMMENTS = YES;
				CLANG_WARN_EMPTY_BODY = YES;
				CLANG_WARN_ENUM_CONVERSION = YES;
				CLANG_WARN_INFINITE_RECURSION = YES;
				CLANG_WARN_INT_CONVERSION = YES;
				CLANG_WARN_NON_LITERAL_NULL_CONVERSION = YES;
				CLANG_WARN_OBJC_IMPLICIT_RETAIN_SELF = YES;
				CLANG_WARN_OBJC_LITERAL_CONVERSION = YES;
				CLANG_WARN_OBJC_ROOT_CLASS = YES_ERROR;
				CLANG_WARN_QUOTED_INCLUDE_IN_FRAMEWORK_HEADER = YES;
				CLANG_WARN_RANGE_LOOP_ANALYSIS = YES;
				CLANG_WARN_STRICT_PROTOTYPES = YES;
				CLANG_WARN_SUSPICIOUS_MOVE = YES;
				CLANG_WARN_UNGUARDED_AVAILABILITY = YES_AGGRESSIVE;
				CLANG_WARN_UNREACHABLE_CODE = YES;
				CLANG_WARN__DUPLICATE_METHOD_MATCH = YES;
				COPY_PHASE_STRIP = NO;
				DEBUG_INFORMATION_FORMAT = "dwarf-with-dsym";
				ENABLE_NS_ASSERTIONS = NO;
				ENABLE_STRICT_OBJC_MSGSEND = YES;
				ENABLE_USER_SCRIPT_SANDBOXING = YES;
				GCC_C_LANGUAGE_STANDARD = gnu17;
				GCC_NO_COMMON_BLOCKS = YES;
				GCC_WARN_64_TO_32_BIT_CONVERSION = YES;
				GCC_WARN_ABOUT_RETURN_TYPE = YES_ERROR;
				GCC_WARN_UNDECLARED_SELECTOR = YES;
				GCC_WARN_UNINITIALIZED_AUTOS = YES_AGGRESSIVE;
				GCC_WARN_UNUSED_FUNCTION = YES;
				GCC_WARN_UNUSED_VARIABLE = YES;
				IPHONEOS_DEPLOYMENT_TARGET = 18.0;
				LOCALIZATION_PREFERS_STRING_CATALOGS = YES;
				MTL_ENABLE_DEBUG_INFO = NO;
				MTL_FAST_MATH = YES;
				SDKROOT = iphoneos;
				SWIFT_COMPILATION_MODE = wholemodule;
				VALIDATE_PRODUCT = YES;
			};
			name = Release;
		};
		06B8BB2A2CDCFDFE0003ED57 /* Debug */ = {
			isa = XCBuildConfiguration;
			baseConfigurationReference = 5D1460AE60F6927E932D5FB3 /* Pods-ChatWithAI.debug.xcconfig */;
			buildSettings = {
				ASSETCATALOG_COMPILER_APPICON_NAME = AppIcon;
				ASSETCATALOG_COMPILER_GLOBAL_ACCENT_COLOR_NAME = AccentColor;
				CODE_SIGN_STYLE = Automatic;
				CURRENT_PROJECT_VERSION = 1;
				DEVELOPMENT_ASSET_PATHS = "\"ChatWithAI/Preview Content\"";
				DEVELOPMENT_TEAM = 4K3HJN7A8X;
				ENABLE_PREVIEWS = YES;
				ENABLE_USER_SCRIPT_SANDBOXING = NO;
				GENERATE_INFOPLIST_FILE = YES;
				INFOPLIST_KEY_CFBundleDisplayName = "Chat with AI";
				INFOPLIST_KEY_UIApplicationSceneManifest_Generation = YES;
				INFOPLIST_KEY_UIApplicationSupportsIndirectInputEvents = YES;
				INFOPLIST_KEY_UILaunchScreen_Generation = YES;
				INFOPLIST_KEY_UISupportedInterfaceOrientations_iPad = "UIInterfaceOrientationPortrait UIInterfaceOrientationPortraitUpsideDown UIInterfaceOrientationLandscapeLeft UIInterfaceOrientationLandscapeRight";
				INFOPLIST_KEY_UISupportedInterfaceOrientations_iPhone = "UIInterfaceOrientationPortrait UIInterfaceOrientationLandscapeLeft UIInterfaceOrientationLandscapeRight";
				IPHONEOS_DEPLOYMENT_TARGET = 17.6;
				LD_RUNPATH_SEARCH_PATHS = (
					"$(inherited)",
					"@executable_path/Frameworks",
				);
				MARKETING_VERSION = 1.0;
				PRODUCT_BUNDLE_IDENTIFIER = olegTen.dev.ChatWithAI;
				PRODUCT_NAME = "$(TARGET_NAME)";
				SWIFT_EMIT_LOC_STRINGS = YES;
				SWIFT_VERSION = 5.0;
				TARGETED_DEVICE_FAMILY = "1,2";
			};
			name = Debug;
		};
		06B8BB2B2CDCFDFE0003ED57 /* Release */ = {
			isa = XCBuildConfiguration;
			baseConfigurationReference = 59DA92D7B261990929FB45BA /* Pods-ChatWithAI.release.xcconfig */;
			buildSettings = {
				ASSETCATALOG_COMPILER_APPICON_NAME = AppIcon;
				ASSETCATALOG_COMPILER_GLOBAL_ACCENT_COLOR_NAME = AccentColor;
				CODE_SIGN_STYLE = Automatic;
				CURRENT_PROJECT_VERSION = 1;
				DEVELOPMENT_ASSET_PATHS = "\"ChatWithAI/Preview Content\"";
				DEVELOPMENT_TEAM = 4K3HJN7A8X;
				ENABLE_PREVIEWS = YES;
				ENABLE_USER_SCRIPT_SANDBOXING = NO;
				GENERATE_INFOPLIST_FILE = YES;
				INFOPLIST_KEY_CFBundleDisplayName = "Chat with AI";
				INFOPLIST_KEY_UIApplicationSceneManifest_Generation = YES;
				INFOPLIST_KEY_UIApplicationSupportsIndirectInputEvents = YES;
				INFOPLIST_KEY_UILaunchScreen_Generation = YES;
				INFOPLIST_KEY_UISupportedInterfaceOrientations_iPad = "UIInterfaceOrientationPortrait UIInterfaceOrientationPortraitUpsideDown UIInterfaceOrientationLandscapeLeft UIInterfaceOrientationLandscapeRight";
				INFOPLIST_KEY_UISupportedInterfaceOrientations_iPhone = "UIInterfaceOrientationPortrait UIInterfaceOrientationLandscapeLeft UIInterfaceOrientationLandscapeRight";
				IPHONEOS_DEPLOYMENT_TARGET = 17.6;
				LD_RUNPATH_SEARCH_PATHS = (
					"$(inherited)",
					"@executable_path/Frameworks",
				);
				MARKETING_VERSION = 1.0;
				PRODUCT_BUNDLE_IDENTIFIER = olegTen.dev.ChatWithAI;
				PRODUCT_NAME = "$(TARGET_NAME)";
				SWIFT_EMIT_LOC_STRINGS = YES;
				SWIFT_VERSION = 5.0;
				TARGETED_DEVICE_FAMILY = "1,2";
			};
			name = Release;
		};
		06B8BB2D2CDCFDFE0003ED57 /* Debug */ = {
			isa = XCBuildConfiguration;
			baseConfigurationReference = D8CD7146A26355EF5930F77B /* Pods-ChatWithAITests.debug.xcconfig */;
			buildSettings = {
				BUNDLE_LOADER = "$(TEST_HOST)";
				CODE_SIGN_STYLE = Automatic;
				CURRENT_PROJECT_VERSION = 1;
				DEVELOPMENT_TEAM = 4K3HJN7A8X;
				GENERATE_INFOPLIST_FILE = YES;
				IPHONEOS_DEPLOYMENT_TARGET = 18.0;
				MARKETING_VERSION = 1.0;
				PRODUCT_BUNDLE_IDENTIFIER = olegTen.dev.ChatWithAITests;
				PRODUCT_NAME = "$(TARGET_NAME)";
				SWIFT_EMIT_LOC_STRINGS = NO;
				SWIFT_VERSION = 5.0;
				TARGETED_DEVICE_FAMILY = "1,2";
				TEST_HOST = "$(BUILT_PRODUCTS_DIR)/ChatWithAI.app/$(BUNDLE_EXECUTABLE_FOLDER_PATH)/ChatWithAI";
			};
			name = Debug;
		};
		06B8BB2E2CDCFDFE0003ED57 /* Release */ = {
			isa = XCBuildConfiguration;
			baseConfigurationReference = E91EDC5A8221666EB2E3BADB /* Pods-ChatWithAITests.release.xcconfig */;
			buildSettings = {
				BUNDLE_LOADER = "$(TEST_HOST)";
				CODE_SIGN_STYLE = Automatic;
				CURRENT_PROJECT_VERSION = 1;
				DEVELOPMENT_TEAM = 4K3HJN7A8X;
				GENERATE_INFOPLIST_FILE = YES;
				IPHONEOS_DEPLOYMENT_TARGET = 18.0;
				MARKETING_VERSION = 1.0;
				PRODUCT_BUNDLE_IDENTIFIER = olegTen.dev.ChatWithAITests;
				PRODUCT_NAME = "$(TARGET_NAME)";
				SWIFT_EMIT_LOC_STRINGS = NO;
				SWIFT_VERSION = 5.0;
				TARGETED_DEVICE_FAMILY = "1,2";
				TEST_HOST = "$(BUILT_PRODUCTS_DIR)/ChatWithAI.app/$(BUNDLE_EXECUTABLE_FOLDER_PATH)/ChatWithAI";
			};
			name = Release;
		};
		06B8BB302CDCFDFE0003ED57 /* Debug */ = {
			isa = XCBuildConfiguration;
			baseConfigurationReference = CB4AFF3EF05AAAA0FE6C7860 /* Pods-ChatWithAI-ChatWithAIUITests.debug.xcconfig */;
			buildSettings = {
				CODE_SIGN_STYLE = Automatic;
				CURRENT_PROJECT_VERSION = 1;
				DEVELOPMENT_TEAM = 4K3HJN7A8X;
				GENERATE_INFOPLIST_FILE = YES;
				MARKETING_VERSION = 1.0;
				PRODUCT_BUNDLE_IDENTIFIER = olegTen.dev.ChatWithAIUITests;
				PRODUCT_NAME = "$(TARGET_NAME)";
				SWIFT_EMIT_LOC_STRINGS = NO;
				SWIFT_VERSION = 5.0;
				TARGETED_DEVICE_FAMILY = "1,2";
				TEST_TARGET_NAME = ChatWithAI;
			};
			name = Debug;
		};
		06B8BB312CDCFDFE0003ED57 /* Release */ = {
			isa = XCBuildConfiguration;
			baseConfigurationReference = 08D1B13EE0362F7BE978AD34 /* Pods-ChatWithAI-ChatWithAIUITests.release.xcconfig */;
			buildSettings = {
				CODE_SIGN_STYLE = Automatic;
				CURRENT_PROJECT_VERSION = 1;
				DEVELOPMENT_TEAM = 4K3HJN7A8X;
				GENERATE_INFOPLIST_FILE = YES;
				MARKETING_VERSION = 1.0;
				PRODUCT_BUNDLE_IDENTIFIER = olegTen.dev.ChatWithAIUITests;
				PRODUCT_NAME = "$(TARGET_NAME)";
				SWIFT_EMIT_LOC_STRINGS = NO;
				SWIFT_VERSION = 5.0;
				TARGETED_DEVICE_FAMILY = "1,2";
				TEST_TARGET_NAME = ChatWithAI;
			};
			name = Release;
		};
/* End XCBuildConfiguration section */

/* Begin XCConfigurationList section */
		06B8BB002CDCFDFC0003ED57 /* Build configuration list for PBXProject "ChatWithAI" */ = {
			isa = XCConfigurationList;
			buildConfigurations = (
				06B8BB272CDCFDFE0003ED57 /* Debug */,
				06B8BB282CDCFDFE0003ED57 /* Release */,
			);
			defaultConfigurationIsVisible = 0;
			defaultConfigurationName = Release;
		};
		06B8BB292CDCFDFE0003ED57 /* Build configuration list for PBXNativeTarget "ChatWithAI" */ = {
			isa = XCConfigurationList;
			buildConfigurations = (
				06B8BB2A2CDCFDFE0003ED57 /* Debug */,
				06B8BB2B2CDCFDFE0003ED57 /* Release */,
			);
			defaultConfigurationIsVisible = 0;
			defaultConfigurationName = Release;
		};
		06B8BB2C2CDCFDFE0003ED57 /* Build configuration list for PBXNativeTarget "ChatWithAITests" */ = {
			isa = XCConfigurationList;
			buildConfigurations = (
				06B8BB2D2CDCFDFE0003ED57 /* Debug */,
				06B8BB2E2CDCFDFE0003ED57 /* Release */,
			);
			defaultConfigurationIsVisible = 0;
			defaultConfigurationName = Release;
		};
		06B8BB2F2CDCFDFE0003ED57 /* Build configuration list for PBXNativeTarget "ChatWithAIUITests" */ = {
			isa = XCConfigurationList;
			buildConfigurations = (
				06B8BB302CDCFDFE0003ED57 /* Debug */,
				06B8BB312CDCFDFE0003ED57 /* Release */,
			);
			defaultConfigurationIsVisible = 0;
			defaultConfigurationName = Release;
		};
/* End XCConfigurationList section */

/* Begin XCRemoteSwiftPackageReference section */
		06B8BB322CDCFF420003ED57 /* XCRemoteSwiftPackageReference "firebase-ios-sdk" */ = {
			isa = XCRemoteSwiftPackageReference;
			repositoryURL = "https://github.com/firebase/firebase-ios-sdk";
			requirement = {
				kind = upToNextMajorVersion;
				minimumVersion = 11.4.0;
			};
		};
/* End XCRemoteSwiftPackageReference section */
	};
	rootObject = 06B8BAFD2CDCFDFC0003ED57 /* Project object */;
}
